
Microsoft Visual Studio Solution File, Format Version 12.00
# Visual Studio Version 16
VisualStudioVersion = 16.0.31624.102
MinimumVisualStudioVersion = 10.0.40219.1
Project("{FAE04EC0-301F-11D3-BF4B-00C04F79EFBC}") = "ApiCatalogo", "ApiCatalogo\ApiCatalogo.csproj", "{05659CE9-0772-40EB-B241-D5B45436175E}"
EndProject
Global
	GlobalSection(SolutionConfigurationPlatforms) = preSolution
		Debug|Any CPU = Debug|Any CPU
		Release|Any CPU = Release|Any CPU
	EndGlobalSection
	GlobalSection(ProjectConfigurationPlatforms) = postSolution
		{05659CE9-0772-40EB-B241-D5B45436175E}.Debug|Any CPU.ActiveCfg = Debug|Any CPU
		{05659CE9-0772-40EB-B241-D5B45436175E}.Debug|Any CPU.Build.0 = Debug|Any CPU
		{05659CE9-0772-40EB-B241-D5B45436175E}.Release|Any CPU.ActiveCfg = Release|Any CPU
		{05659CE9-0772-40EB-B241-D5B45436175E}.Release|Any CPU.Build.0 = Release|Any CPU
	EndGlobalSection
	GlobalSection(SolutionProperties) = preSolution
		HideSolutionNode = FALSE
	EndGlobalSection
	GlobalSection(ExtensibilityGlobals) = postSolution
		SolutionGuid = {2D501DE6-B09E-412F-BAFF-46376EDFFBB7}
	EndGlobalSection
EndGlobal
